
Microsoft Visual Studio Solution File, Format Version 12.00
# Visual Studio Version 17
VisualStudioVersion = 17.7.34024.191
MinimumVisualStudioVersion = 10.0.40219.1
Project("{FAE04EC0-301F-11D3-BF4B-00C04F79EFBC}") = "Compresseur de fichier", "Compresseur de fichier.csproj", "{32E3DD38-0DB5-47D0-8BAC-31ABE4AB34F1}"
EndProject
Global
	GlobalSection(SolutionConfigurationPlatforms) = preSolution
		Debug|Any CPU = Debug|Any CPU
		Release|Any CPU = Release|Any CPU
	EndGlobalSection
	GlobalSection(ProjectConfigurationPlatforms) = postSolution
		{32E3DD38-0DB5-47D0-8BAC-31ABE4AB34F1}.Debug|Any CPU.ActiveCfg = Debug|Any CPU
		{32E3DD38-0DB5-47D0-8BAC-31ABE4AB34F1}.Debug|Any CPU.Build.0 = Debug|Any CPU
		{32E3DD38-0DB5-47D0-8BAC-31ABE4AB34F1}.Release|Any CPU.ActiveCfg = Release|Any CPU
		{32E3DD38-0DB5-47D0-8BAC-31ABE4AB34F1}.Release|Any CPU.Build.0 = Release|Any CPU
	EndGlobalSection
	GlobalSection(SolutionProperties) = preSolution
		HideSolutionNode = FALSE
	EndGlobalSection
	GlobalSection(ExtensibilityGlobals) = postSolution
		SolutionGuid = {B618BFA5-5BD2-40C3-9B11-36B1933783E4}
	EndGlobalSection
EndGlobal
